// !$*UTF8*$!
{
	archiveVersion = 1;
	classes = {
	};
	objectVersion = 50;
	objects = {

/* Begin PBXBuildFile section */
		024EFF6621A95B060094CFBA /* AppDelegate.swift in Sources */ = {isa = PBXBuildFile; fileRef = 024EFF6521A95B060094CFBA /* AppDelegate.swift */; };
		024EFF6B21A95B060094CFBA /* Main.storyboard in Resources */ = {isa = PBXBuildFile; fileRef = 024EFF6921A95B060094CFBA /* Main.storyboard */; };
		024EFF6D21A95B090094CFBA /* Assets.xcassets in Resources */ = {isa = PBXBuildFile; fileRef = 024EFF6C21A95B090094CFBA /* Assets.xcassets */; };
		024EFF7021A95B090094CFBA /* LaunchScreen.storyboard in Resources */ = {isa = PBXBuildFile; fileRef = 024EFF6E21A95B090094CFBA /* LaunchScreen.storyboard */; };
		024EFF7821A95B270094CFBA /* Pensebete.json in Resources */ = {isa = PBXBuildFile; fileRef = 024EFF7721A95B270094CFBA /* Pensebete.json */; };
		024EFF7A21AA04110094CFBA /* Bar.swift in Sources */ = {isa = PBXBuildFile; fileRef = 024EFF7921AA04110094CFBA /* Bar.swift */; };
		024EFF7C21AA082D0094CFBA /* BarTableViewCell.swift in Sources */ = {isa = PBXBuildFile; fileRef = 024EFF7B21AA082D0094CFBA /* BarTableViewCell.swift */; };
		024EFF7E21AA0A1E0094CFBA /* BarTableViewController.swift in Sources */ = {isa = PBXBuildFile; fileRef = 024EFF7D21AA0A1E0094CFBA /* BarTableViewController.swift */; };
		02BADEDE21AA1C7100B3A25F /* BarViewController.swift in Sources */ = {isa = PBXBuildFile; fileRef = 02BADEDD21AA1C7100B3A25F /* BarViewController.swift */; };
		02BADEE021AA253600B3A25F /* Point.swift in Sources */ = {isa = PBXBuildFile; fileRef = 02BADEDF21AA253600B3A25F /* Point.swift */; };
		02BADEE221AA29C300B3A25F /* annot.swift in Sources */ = {isa = PBXBuildFile; fileRef = 02BADEE121AA29C300B3A25F /* annot.swift */; };
		02BADF0221AA3B5C00B3A25F /* AllBarViewController.swift in Sources */ = {isa = PBXBuildFile; fileRef = 02BADF0121AA3B5C00B3A25F /* AllBarViewController.swift */; };
		02BADF0421AA3C8400B3A25F /* NavigationHome.swift in Sources */ = {isa = PBXBuildFile; fileRef = 02BADF0321AA3C8400B3A25F /* NavigationHome.swift */; };
		7A2C90B2FE989A40047A1CFF /* Pods_search_bar.framework in Frameworks */ = {isa = PBXBuildFile; fileRef = 9FC60C236EF14EF585E27E33 /* Pods_search_bar.framework */; };
/* End PBXBuildFile section */

/* Begin PBXFileReference section */
		024EFF6221A95B060094CFBA /* search_bar.app */ = {isa = PBXFileReference; explicitFileType = wrapper.application; includeInIndex = 0; path = search_bar.app; sourceTree = BUILT_PRODUCTS_DIR; };
		024EFF6521A95B060094CFBA /* AppDelegate.swift */ = {isa = PBXFileReference; lastKnownFileType = sourcecode.swift; path = AppDelegate.swift; sourceTree = "<group>"; };
		024EFF6A21A95B060094CFBA /* Base */ = {isa = PBXFileReference; lastKnownFileType = file.storyboard; name = Base; path = Base.lproj/Main.storyboard; sourceTree = "<group>"; };
		024EFF6C21A95B090094CFBA /* Assets.xcassets */ = {isa = PBXFileReference; lastKnownFileType = folder.assetcatalog; path = Assets.xcassets; sourceTree = "<group>"; };
		024EFF6F21A95B090094CFBA /* Base */ = {isa = PBXFileReference; lastKnownFileType = file.storyboard; name = Base; path = Base.lproj/LaunchScreen.storyboard; sourceTree = "<group>"; };
		024EFF7121A95B090094CFBA /* Info.plist */ = {isa = PBXFileReference; lastKnownFileType = text.plist.xml; path = Info.plist; sourceTree = "<group>"; };
		024EFF7721A95B270094CFBA /* Pensebete.json */ = {isa = PBXFileReference; fileEncoding = 4; lastKnownFileType = text.json; path = Pensebete.json; sourceTree = "<group>"; };
		024EFF7921AA04110094CFBA /* Bar.swift */ = {isa = PBXFileReference; lastKnownFileType = sourcecode.swift; path = Bar.swift; sourceTree = "<group>"; };
		024EFF7B21AA082D0094CFBA /* BarTableViewCell.swift */ = {isa = PBXFileReference; lastKnownFileType = sourcecode.swift; path = BarTableViewCell.swift; sourceTree = "<group>"; };
		024EFF7D21AA0A1E0094CFBA /* BarTableViewController.swift */ = {isa = PBXFileReference; lastKnownFileType = sourcecode.swift; path = BarTableViewController.swift; sourceTree = "<group>"; };
		02BADEDD21AA1C7100B3A25F /* BarViewController.swift */ = {isa = PBXFileReference; lastKnownFileType = sourcecode.swift; path = BarViewController.swift; sourceTree = "<group>"; };
		02BADEDF21AA253600B3A25F /* Point.swift */ = {isa = PBXFileReference; lastKnownFileType = sourcecode.swift; path = Point.swift; sourceTree = "<group>"; };
		02BADEE121AA29C300B3A25F /* annot.swift */ = {isa = PBXFileReference; lastKnownFileType = sourcecode.swift; path = annot.swift; sourceTree = "<group>"; };
		02BADF0121AA3B5C00B3A25F /* AllBarViewController.swift */ = {isa = PBXFileReference; lastKnownFileType = sourcecode.swift; path = AllBarViewController.swift; sourceTree = "<group>"; };
		02BADF0321AA3C8400B3A25F /* NavigationHome.swift */ = {isa = PBXFileReference; lastKnownFileType = sourcecode.swift; path = NavigationHome.swift; sourceTree = "<group>"; };
		9FC60C236EF14EF585E27E33 /* Pods_search_bar.framework */ = {isa = PBXFileReference; explicitFileType = wrapper.framework; includeInIndex = 0; path = Pods_search_bar.framework; sourceTree = BUILT_PRODUCTS_DIR; };
		BE331F4157DE695E3974CE79 /* Pods-search_bar.release.xcconfig */ = {isa = PBXFileReference; includeInIndex = 1; lastKnownFileType = text.xcconfig; name = "Pods-search_bar.release.xcconfig"; path = "Pods/Target Support Files/Pods-search_bar/Pods-search_bar.release.xcconfig"; sourceTree = "<group>"; };
		DD04A4FA1C674B0723CBAAF0 /* Pods-search_bar.debug.xcconfig */ = {isa = PBXFileReference; includeInIndex = 1; lastKnownFileType = text.xcconfig; name = "Pods-search_bar.debug.xcconfig"; path = "Pods/Target Support Files/Pods-search_bar/Pods-search_bar.debug.xcconfig"; sourceTree = "<group>"; };
/* End PBXFileReference section */

/* Begin PBXFrameworksBuildPhase section */
		024EFF5F21A95B060094CFBA /* Frameworks */ = {
			isa = PBXFrameworksBuildPhase;
			buildActionMask = 2147483647;
			files = (
				7A2C90B2FE989A40047A1CFF /* Pods_search_bar.framework in Frameworks */,
			);
			runOnlyForDeploymentPostprocessing = 0;
		};
/* End PBXFrameworksBuildPhase section */

/* Begin PBXGroup section */
		024EFF5921A95B060094CFBA = {
			isa = PBXGroup;
			children = (
				024EFF6421A95B060094CFBA /* search_bar */,
				024EFF6321A95B060094CFBA /* Products */,
				4330027BDEAFE35179866D3F /* Pods */,
				173E518B27FD333D5D93DF1C /* Frameworks */,
			);
			sourceTree = "<group>";
		};
		024EFF6321A95B060094CFBA /* Products */ = {
			isa = PBXGroup;
			children = (
				024EFF6221A95B060094CFBA /* search_bar.app */,
			);
			name = Products;
			sourceTree = "<group>";
		};
		024EFF6421A95B060094CFBA /* search_bar */ = {
			isa = PBXGroup;
			children = (
				024EFF6521A95B060094CFBA /* AppDelegate.swift */,
				02BADF0121AA3B5C00B3A25F /* AllBarViewController.swift */,
				02BADEE121AA29C300B3A25F /* annot.swift */,
				024EFF7921AA04110094CFBA /* Bar.swift */,
				02BADEDF21AA253600B3A25F /* Point.swift */,
				02BADEDD21AA1C7100B3A25F /* BarViewController.swift */,
				024EFF6921A95B060094CFBA /* Main.storyboard */,
				024EFF7D21AA0A1E0094CFBA /* BarTableViewController.swift */,
				024EFF7B21AA082D0094CFBA /* BarTableViewCell.swift */,
				024EFF6C21A95B090094CFBA /* Assets.xcassets */,
				024EFF6E21A95B090094CFBA /* LaunchScreen.storyboard */,
				024EFF7121A95B090094CFBA /* Info.plist */,
				024EFF7721A95B270094CFBA /* Pensebete.json */,
				02BADF0321AA3C8400B3A25F /* NavigationHome.swift */,
			);
			path = search_bar;
			sourceTree = "<group>";
		};
		173E518B27FD333D5D93DF1C /* Frameworks */ = {
			isa = PBXGroup;
			children = (
				9FC60C236EF14EF585E27E33 /* Pods_search_bar.framework */,
			);
			name = Frameworks;
			sourceTree = "<group>";
		};
		4330027BDEAFE35179866D3F /* Pods */ = {
			isa = PBXGroup;
			children = (
				DD04A4FA1C674B0723CBAAF0 /* Pods-search_bar.debug.xcconfig */,
				BE331F4157DE695E3974CE79 /* Pods-search_bar.release.xcconfig */,
			);
			name = Pods;
			sourceTree = "<group>";
		};
/* End PBXGroup section */

/* Begin PBXNativeTarget section */
		024EFF6121A95B060094CFBA /* search_bar */ = {
			isa = PBXNativeTarget;
			buildConfigurationList = 024EFF7421A95B090094CFBA /* Build configuration list for PBXNativeTarget "search_bar" */;
			buildPhases = (
				5226A7C2755DE8D7E187E264 /* [CP] Check Pods Manifest.lock */,
				024EFF5E21A95B060094CFBA /* Sources */,
				024EFF5F21A95B060094CFBA /* Frameworks */,
				024EFF6021A95B060094CFBA /* Resources */,
				AAACD711126A778006339C34 /* [CP] Embed Pods Frameworks */,
			);
			buildRules = (
			);
			dependencies = (
			);
			name = search_bar;
			productName = search_bar;
			productReference = 024EFF6221A95B060094CFBA /* search_bar.app */;
			productType = "com.apple.product-type.application";
		};
/* End PBXNativeTarget section */

/* Begin PBXProject section */
		024EFF5A21A95B060094CFBA /* Project object */ = {
			isa = PBXProject;
			attributes = {
				LastSwiftUpdateCheck = 1010;
				LastUpgradeCheck = 1010;
				ORGANIZATIONNAME = "mohammed ichou";
				TargetAttributes = {
					024EFF6121A95B060094CFBA = {
						CreatedOnToolsVersion = 10.1;
					};
				};
			};
			buildConfigurationList = 024EFF5D21A95B060094CFBA /* Build configuration list for PBXProject "search_bar" */;
			compatibilityVersion = "Xcode 9.3";
			developmentRegion = en;
			hasScannedForEncodings = 0;
			knownRegions = (
				en,
				Base,
			);
			mainGroup = 024EFF5921A95B060094CFBA;
			productRefGroup = 024EFF6321A95B060094CFBA /* Products */;
			projectDirPath = "";
			projectRoot = "";
			targets = (
				024EFF6121A95B060094CFBA /* search_bar */,
			);
		};
/* End PBXProject section */

/* Begin PBXResourcesBuildPhase section */
		024EFF6021A95B060094CFBA /* Resources */ = {
			isa = PBXResourcesBuildPhase;
			buildActionMask = 2147483647;
			files = (
				024EFF7021A95B090094CFBA /* LaunchScreen.storyboard in Resources */,
				024EFF6D21A95B090094CFBA /* Assets.xcassets in Resources */,
				024EFF7821A95B270094CFBA /* Pensebete.json in Resources */,
				024EFF6B21A95B060094CFBA /* Main.storyboard in Resources */,
			);
			runOnlyForDeploymentPostprocessing = 0;
		};
/* End PBXResourcesBuildPhase section */

/* Begin PBXShellScriptBuildPhase section */
		5226A7C2755DE8D7E187E264 /* [CP] Check Pods Manifest.lock */ = {
			isa = PBXShellScriptBuildPhase;
			buildActionMask = 2147483647;
			files = (
			);
			inputFileListPaths = (
			);
			inputPaths = (
				"${PODS_PODFILE_DIR_PATH}/Podfile.lock",
				"${PODS_ROOT}/Manifest.lock",
			);
			name = "[CP] Check Pods Manifest.lock";
			outputFileListPaths = (
			);
			outputPaths = (
				"$(DERIVED_FILE_DIR)/Pods-search_bar-checkManifestLockResult.txt",
			);
			runOnlyForDeploymentPostprocessing = 0;
			shellPath = /bin/sh;
			shellScript = "diff \"${PODS_PODFILE_DIR_PATH}/Podfile.lock\" \"${PODS_ROOT}/Manifest.lock\" > /dev/null\nif [ $? != 0 ] ; then\n    # print error to STDERR\n    echo \"error: The sandbox is not in sync with the Podfile.lock. Run 'pod install' or update your CocoaPods installation.\" >&2\n    exit 1\nfi\n# This output is used by Xcode 'outputs' to avoid re-running this script phase.\necho \"SUCCESS\" > \"${SCRIPT_OUTPUT_FILE_0}\"\n";
			showEnvVarsInLog = 0;
		};
		AAACD711126A778006339C34 /* [CP] Embed Pods Frameworks */ = {
			isa = PBXShellScriptBuildPhase;
			buildActionMask = 2147483647;
			files = (
			);
			inputFileListPaths = (
			);
			inputPaths = (
				"${SRCROOT}/Pods/Target Support Files/Pods-search_bar/Pods-search_bar-frameworks.sh",
				"${BUILT_PRODUCTS_DIR}/SwiftyJSON/SwiftyJSON.framework",
			);
			name = "[CP] Embed Pods Frameworks";
			outputFileListPaths = (
			);
			outputPaths = (
				"${TARGET_BUILD_DIR}/${FRAMEWORKS_FOLDER_PATH}/SwiftyJSON.framework",
			);
			runOnlyForDeploymentPostprocessing = 0;
			shellPath = /bin/sh;
			shellScript = "\"${SRCROOT}/Pods/Target Support Files/Pods-search_bar/Pods-search_bar-frameworks.sh\"\n";
			showEnvVarsInLog = 0;
		};
/* End PBXShellScriptBuildPhase section */

/* Begin PBXSourcesBuildPhase section */
		024EFF5E21A95B060094CFBA /* Sources */ = {
			isa = PBXSourcesBuildPhase;
			buildActionMask = 2147483647;
			files = (
				024EFF7C21AA082D0094CFBA /* BarTableViewCell.swift in Sources */,
				02BADEDE21AA1C7100B3A25F /* BarViewController.swift in Sources */,
				02BADF0221AA3B5C00B3A25F /* AllBarViewController.swift in Sources */,
				02BADEE221AA29C300B3A25F /* annot.swift in Sources */,
				02BADEE021AA253600B3A25F /* Point.swift in Sources */,
				024EFF7E21AA0A1E0094CFBA /* BarTableViewController.swift in Sources */,
				024EFF7A21AA04110094CFBA /* Bar.swift in Sources */,
				024EFF6621A95B060094CFBA /* AppDelegate.swift in Sources */,
				02BADF0421AA3C8400B3A25F /* NavigationHome.swift in Sources */,
			);
			runOnlyForDeploymentPostprocessing = 0;
		};
/* End PBXSourcesBuildPhase section */

/* Begin PBXVariantGroup section */
		024EFF6921A95B060094CFBA /* Main.storyboard */ = {
			isa = PBXVariantGroup;
			children = (
				024EFF6A21A95B060094CFBA /* Base */,
			);
			name = Main.storyboard;
			sourceTree = "<group>";
		};
		024EFF6E21A95B090094CFBA /* LaunchScreen.storyboard */ = {
			isa = PBXVariantGroup;
			children = (
				024EFF6F21A95B090094CFBA /* Base */,
			);
			name = LaunchScreen.storyboard;
			sourceTree = "<group>";
		};
/* End PBXVariantGroup section */

/* Begin XCBuildConfiguration section */
		024EFF7221A95B090094CFBA /* Debug */ = {
			isa = XCBuildConfiguration;
			buildSettings = {
				ALWAYS_SEARCH_USER_PATHS = NO;
				CLANG_ANALYZER_NONNULL = YES;
				CLANG_ANALYZER_NUMBER_OBJECT_CONVERSION = YES_AGGRESSIVE;
				CLANG_CXX_LANGUAGE_STANDARD = "gnu++14";
				CLANG_CXX_LIBRARY = "libc++";
				CLANG_ENABLE_MODULES = YES;
				CLANG_ENABLE_OBJC_ARC = YES;
				CLANG_ENABLE_OBJC_WEAK = YES;
				CLANG_WARN_BLOCK_CAPTURE_AUTORELEASING = YES;
				CLANG_WARN_BOOL_CONVERSION = YES;
				CLANG_WARN_COMMA = YES;
				CLANG_WARN_CONSTANT_CONVERSION = YES;
				CLANG_WARN_DEPRECATED_OBJC_IMPLEMENTATIONS = YES;
				CLANG_WARN_DIRECT_OBJC_ISA_USAGE = YES_ERROR;
				CLANG_WARN_DOCUMENTATION_COMMENTS = YES;
				CLANG_WARN_EMPTY_BODY = YES;
				CLANG_WARN_ENUM_CONVERSION = YES;
				CLANG_WARN_INFINITE_RECURSION = YES;
				CLANG_WARN_INT_CONVERSION = YES;
				CLANG_WARN_NON_LITERAL_NULL_CONVERSION = YES;
				CLANG_WARN_OBJC_IMPLICIT_RETAIN_SELF = YES;
				CLANG_WARN_OBJC_LITERAL_CONVERSION = YES;
				CLANG_WARN_OBJC_ROOT_CLASS = YES_ERROR;
				CLANG_WARN_RANGE_LOOP_ANALYSIS = YES;
				CLANG_WARN_STRICT_PROTOTYPES = YES;
				CLANG_WARN_SUSPICIOUS_MOVE = YES;
				CLANG_WARN_UNGUARDED_AVAILABILITY = YES_AGGRESSIVE;
				CLANG_WARN_UNREACHABLE_CODE = YES;
				CLANG_WARN__DUPLICATE_METHOD_MATCH = YES;
				CODE_SIGN_IDENTITY = "iPhone Developer";
				COPY_PHASE_STRIP = NO;
				DEBUG_INFORMATION_FORMAT = dwarf;
				ENABLE_STRICT_OBJC_MSGSEND = YES;
				ENABLE_TESTABILITY = YES;
				GCC_C_LANGUAGE_STANDARD = gnu11;
				GCC_DYNAMIC_NO_PIC = NO;
				GCC_NO_COMMON_BLOCKS = YES;
				GCC_OPTIMIZATION_LEVEL = 0;
				GCC_PREPROCESSOR_DEFINITIONS = (
					"DEBUG=1",
					"$(inherited)",
				);
				GCC_WARN_64_TO_32_BIT_CONVERSION = YES;
				GCC_WARN_ABOUT_RETURN_TYPE = YES_ERROR;
				GCC_WARN_UNDECLARED_SELECTOR = YES;
				GCC_WARN_UNINITIALIZED_AUTOS = YES_AGGRESSIVE;
				GCC_WARN_UNUSED_FUNCTION = YES;
				GCC_WARN_UNUSED_VARIABLE = YES;
				IPHONEOS_DEPLOYMENT_TARGET = 12.1;
				MTL_ENABLE_DEBUG_INFO = INCLUDE_SOURCE;
				MTL_FAST_MATH = YES;
				ONLY_ACTIVE_ARCH = YES;
				SDKROOT = iphoneos;
				SWIFT_ACTIVE_COMPILATION_CONDITIONS = DEBUG;
				SWIFT_OPTIMIZATION_LEVEL = "-Onone";
			};
			name = Debug;
		};
		024EFF7321A95B090094CFBA /* Release */ = {
			isa = XCBuildConfiguration;
			buildSettings = {
				ALWAYS_SEARCH_USER_PATHS = NO;
				CLANG_ANALYZER_NONNULL = YES;
				CLANG_ANALYZER_NUMBER_OBJECT_CONVERSION = YES_AGGRESSIVE;
				CLANG_CXX_LANGUAGE_STANDARD = "gnu++14";
				CLANG_CXX_LIBRARY = "libc++";
				CLANG_ENABLE_MODULES = YES;
				CLANG_ENABLE_OBJC_ARC = YES;
				CLANG_ENABLE_OBJC_WEAK = YES;
				CLANG_WARN_BLOCK_CAPTURE_AUTORELEASING = YES;
				CLANG_WARN_BOOL_CONVERSION = YES;
				CLANG_WARN_COMMA = YES;
				CLANG_WARN_CONSTANT_CONVERSION = YES;
				CLANG_WARN_DEPRECATED_OBJC_IMPLEMENTATIONS = YES;
				CLANG_WARN_DIRECT_OBJC_ISA_USAGE = YES_ERROR;
				CLANG_WARN_DOCUMENTATION_COMMENTS = YES;
				CLANG_WARN_EMPTY_BODY = YES;
				CLANG_WARN_ENUM_CONVERSION = YES;
				CLANG_WARN_INFINITE_RECURSION = YES;
				CLANG_WARN_INT_CONVERSION = YES;
				CLANG_WARN_NON_LITERAL_NULL_CONVERSION = YES;
				CLANG_WARN_OBJC_IMPLICIT_RETAIN_SELF = YES;
				CLANG_WARN_OBJC_LITERAL_CONVERSION = YES;
				CLANG_WARN_OBJC_ROOT_CLASS = YES_ERROR;
				CLANG_WARN_RANGE_LOOP_ANALYSIS = YES;
				CLANG_WARN_STRICT_PROTOTYPES = YES;
				CLANG_WARN_SUSPICIOUS_MOVE = YES;
				CLANG_WARN_UNGUARDED_AVAILABILITY = YES_AGGRESSIVE;
				CLANG_WARN_UNREACHABLE_CODE = YES;
				CLANG_WARN__DUPLICATE_METHOD_MATCH = YES;
				CODE_SIGN_IDENTITY = "iPhone Developer";
				COPY_PHASE_STRIP = NO;
				DEBUG_INFORMATION_FORMAT = "dwarf-with-dsym";
				ENABLE_NS_ASSERTIONS = NO;
				ENABLE_STRICT_OBJC_MSGSEND = YES;
				GCC_C_LANGUAGE_STANDARD = gnu11;
				GCC_NO_COMMON_BLOCKS = YES;
				GCC_WARN_64_TO_32_BIT_CONVERSION = YES;
				GCC_WARN_ABOUT_RETURN_TYPE = YES_ERROR;
				GCC_WARN_UNDECLARED_SELECTOR = YES;
				GCC_WARN_UNINITIALIZED_AUTOS = YES_AGGRESSIVE;
				GCC_WARN_UNUSED_FUNCTION = YES;
				GCC_WARN_UNUSED_VARIABLE = YES;
				IPHONEOS_DEPLOYMENT_TARGET = 12.1;
				MTL_ENABLE_DEBUG_INFO = NO;
				MTL_FAST_MATH = YES;
				SDKROOT = iphoneos;
				SWIFT_COMPILATION_MODE = wholemodule;
				SWIFT_OPTIMIZATION_LEVEL = "-O";
				VALIDATE_PRODUCT = YES;
			};
			name = Release;
		};
		024EFF7521A95B090094CFBA /* Debug */ = {
			isa = XCBuildConfiguration;
			baseConfigurationReference = DD04A4FA1C674B0723CBAAF0 /* Pods-search_bar.debug.xcconfig */;
			buildSettings = {
				ASSETCATALOG_COMPILER_APPICON_NAME = AppIcon;
				CODE_SIGN_STYLE = Automatic;
				DEVELOPMENT_TEAM = PX8XYX9ET4;
				INFOPLIST_FILE = search_bar/Info.plist;
				LD_RUNPATH_SEARCH_PATHS = (
					"$(inherited)",
					"@executable_path/Frameworks",
				);
				PRODUCT_BUNDLE_IDENTIFIER = "M-I.search-bar";
				PRODUCT_NAME = "$(TARGET_NAME)";
				SWIFT_VERSION = 4.2;
				TARGETED_DEVICE_FAMILY = "1,2";
			};
			name = Debug;
		};
		024EFF7621A95B090094CFBA /* Release */ = {
			isa = XCBuildConfiguration;
			baseConfigurationReference = BE331F4157DE695E3974CE79 /* Pods-search_bar.release.xcconfig */;
			buildSettings = {
				ASSETCATALOG_COMPILER_APPICON_NAME = AppIcon;
				CODE_SIGN_STYLE = Automatic;
				DEVELOPMENT_TEAM = PX8XYX9ET4;
				INFOPLIST_FILE = search_bar/Info.plist;
				LD_RUNPATH_SEARCH_PATHS = (
					"$(inherited)",
					"@executable_path/Frameworks",
				);
				PRODUCT_BUNDLE_IDENTIFIER = "M-I.search-bar";
				PRODUCT_NAME = "$(TARGET_NAME)";
				SWIFT_VERSION = 4.2;
				TARGETED_DEVICE_FAMILY = "1,2";
			};
			name = Release;
		};
/* End XCBuildConfiguration section */

/* Begin XCConfigurationList section */
		024EFF5D21A95B060094CFBA /* Build configuration list for PBXProject "search_bar" */ = {
			isa = XCConfigurationList;
			buildConfigurations = (
				024EFF7221A95B090094CFBA /* Debug */,
				024EFF7321A95B090094CFBA /* Release */,
			);
			defaultConfigurationIsVisible = 0;
			defaultConfigurationName = Release;
		};
		024EFF7421A95B090094CFBA /* Build configuration list for PBXNativeTarget "search_bar" */ = {
			isa = XCConfigurationList;
			buildConfigurations = (
				024EFF7521A95B090094CFBA /* Debug */,
				024EFF7621A95B090094CFBA /* Release */,
			);
			defaultConfigurationIsVisible = 0;
			defaultConfigurationName = Release;
		};
/* End XCConfigurationList section */
	};
	rootObject = 024EFF5A21A95B060094CFBA /* Project object */;
}
